Microsoft Visual Studio Solution File, Format Version 12.00
# Visual Studio Version 17
VisualStudioVersion = 17.2.32602.215
MinimumVisualStudioVersion = 10.0.40219.1
Project("{2150E333-8FDC-42A3-9474-1A3956D46DE8}") = "src", "src", "{C3486A95-AAAD-44B6-96F0-9C7625300F77}"
EndProject
Project("{2150E333-8FDC-42A3-9474-1A3956D46DE8}") = "Api", "Api", "{4786041E-3F81-4F1E-AF29-28C214D760A6}"
EndProject
Project("{2150E333-8FDC-42A3-9474-1A3956D46DE8}") = "Core", "Core", "{7AC4E847-083E-4876-981F-774BDBB3A676}"
EndProject
Project("{2150E333-8FDC-42A3-9474-1A3956D46DE8}") = "Infrastructure", "Infrastructure", "{3386D984-DE1E-4ED4-92A1-92E591EF02F6}"
EndProject
Project("{2150E333-8FDC-42A3-9474-1A3956D46DE8}") = "UI", "UI", "{5C8E7B28-83AB-4C33-92FB-92934B837330}"
EndProject
Project("{9A19103F-16F7-4668-BE54-9A1E7A4F7556}") = "Application", "Application\Application.csproj", "{39A0EEDC-604B-494E-8639-9F34E882F63E}"
	ProjectSection(ProjectDependencies) = postProject
		{D7B5CC48-BF17-41D7-84FA-7B40C9A705CD} = {D7B5CC48-BF17-41D7-84FA-7B40C9A705CD}
	EndProjectSection
EndProject
Project("{9A19103F-16F7-4668-BE54-9A1E7A4F7556}") = "Domain", "Domain\Domain.csproj", "{D7B5CC48-BF17-41D7-84FA-7B40C9A705CD}"
EndProject
Project("{9A19103F-16F7-4668-BE54-9A1E7A4F7556}") = "Infrastructure", "Infrastructure\Infrastructure.csproj", "{A231CCA2-EC28-4998-88DE-FFCBDBDCD722}"
EndProject
Project("{9A19103F-16F7-4668-BE54-9A1E7A4F7556}") = "Persistence", "Persistence\Persistence.csproj", "{E59913B7-2B51-412E-89D7-9FC0B04E7C26}"
EndProject
Project("{9A19103F-16F7-4668-BE54-9A1E7A4F7556}") = "Api", "Api\Api.csproj", "{40AD630D-F43E-410F-A7DC-574BE7C99C97}"
EndProject
Global
	GlobalSection(SolutionConfigurationPlatforms) = preSolution
		Debug|Any CPU = Debug|Any CPU
		Release|Any CPU = Release|Any CPU
	EndGlobalSection
	GlobalSection(ProjectConfigurationPlatforms) = postSolution
		{39A0EEDC-604B-494E-8639-9F34E882F63E}.Debug|Any CPU.ActiveCfg = Debug|Any CPU
		{39A0EEDC-604B-494E-8639-9F34E882F63E}.Debug|Any CPU.Build.0 = Debug|Any CPU
		{39A0EEDC-604B-494E-8639-9F34E882F63E}.Release|Any CPU.ActiveCfg = Release|Any CPU
		{39A0EEDC-604B-494E-8639-9F34E882F63E}.Release|Any CPU.Build.0 = Release|Any CPU
		{D7B5CC48-BF17-41D7-84FA-7B40C9A705CD}.Debug|Any CPU.ActiveCfg = Debug|Any CPU
		{D7B5CC48-BF17-41D7-84FA-7B40C9A705CD}.Debug|Any CPU.Build.0 = Debug|Any CPU
		{D7B5CC48-BF17-41D7-84FA-7B40C9A705CD}.Release|Any CPU.ActiveCfg = Release|Any CPU
		{D7B5CC48-BF17-41D7-84FA-7B40C9A705CD}.Release|Any CPU.Build.0 = Release|Any CPU
		{A231CCA2-EC28-4998-88DE-FFCBDBDCD722}.Debug|Any CPU.ActiveCfg = Debug|Any CPU
		{A231CCA2-EC28-4998-88DE-FFCBDBDCD722}.Debug|Any CPU.Build.0 = Debug|Any CPU
		{A231CCA2-EC28-4998-88DE-FFCBDBDCD722}.Release|Any CPU.ActiveCfg = Release|Any CPU
		{A231CCA2-EC28-4998-88DE-FFCBDBDCD722}.Release|Any CPU.Build.0 = Release|Any CPU
		{E59913B7-2B51-412E-89D7-9FC0B04E7C26}.Debug|Any CPU.ActiveCfg = Debug|Any CPU
		{E59913B7-2B51-412E-89D7-9FC0B04E7C26}.Debug|Any CPU.Build.0 = Debug|Any CPU
		{E59913B7-2B51-412E-89D7-9FC0B04E7C26}.Release|Any CPU.ActiveCfg = Release|Any CPU
		{E59913B7-2B51-412E-89D7-9FC0B04E7C26}.Release|Any CPU.Build.0 = Release|Any CPU
		{40AD630D-F43E-410F-A7DC-574BE7C99C97}.Debug|Any CPU.ActiveCfg = Debug|Any CPU
		{40AD630D-F43E-410F-A7DC-574BE7C99C97}.Debug|Any CPU.Build.0 = Debug|Any CPU
		{40AD630D-F43E-410F-A7DC-574BE7C99C97}.Release|Any CPU.ActiveCfg = Release|Any CPU
		{40AD630D-F43E-410F-A7DC-574BE7C99C97}.Release|Any CPU.Build.0 = Release|Any CPU
	EndGlobalSection
	GlobalSection(SolutionProperties) = preSolution
		HideSolutionNode = FALSE
	EndGlobalSection
	GlobalSection(NestedProjects) = preSolution
		{4786041E-3F81-4F1E-AF29-28C214D760A6} = {C3486A95-AAAD-44B6-96F0-9C7625300F77}
		{7AC4E847-083E-4876-981F-774BDBB3A676} = {C3486A95-AAAD-44B6-96F0-9C7625300F77}
		{3386D984-DE1E-4ED4-92A1-92E591EF02F6} = {C3486A95-AAAD-44B6-96F0-9C7625300F77}
		{5C8E7B28-83AB-4C33-92FB-92934B837330} = {C3486A95-AAAD-44B6-96F0-9C7625300F77}
		{39A0EEDC-604B-494E-8639-9F34E882F63E} = {7AC4E847-083E-4876-981F-774BDBB3A676}
		{D7B5CC48-BF17-41D7-84FA-7B40C9A705CD} = {7AC4E847-083E-4876-981F-774BDBB3A676}
		{A231CCA2-EC28-4998-88DE-FFCBDBDCD722} = {3386D984-DE1E-4ED4-92A1-92E591EF02F6}
		{E59913B7-2B51-412E-89D7-9FC0B04E7C26} = {3386D984-DE1E-4ED4-92A1-92E591EF02F6}
		{40AD630D-F43E-410F-A7DC-574BE7C99C97} = {4786041E-3F81-4F1E-AF29-28C214D760A6}
	EndGlobalSection
	GlobalSection(ExtensibilityGlobals) = postSolution
		SolutionGuid = {95BE7465-BC34-4BEB-9D1B-AF95B06E0D3C}
	EndGlobalSection
EndGlobal
